# THIS IS AN AUTOGENERATED FILE. DO NOT EDIT THIS FILE DIRECTLY.
# yarn lockfile v1


"@bazel/bazel-darwin_x64@1.2.0":
  version "1.2.0"
  resolved "https://registry.yarnpkg.com/@bazel/bazel-darwin_x64/-/bazel-darwin_x64-1.2.0.tgz#e29840c263e0ebb9286bec9fa285907c9161f890"
  integrity sha512-3th94yNeqNdmzYhUlUeGWx8XEgE9UEh/1TBsG69QOPnYw4I1MYztfAa1iYXREs7qbvQP2R260tRaNhnwg2x6JQ==

"@bazel/bazel-linux_x64@1.2.0":
  version "1.2.0"
  resolved "https://registry.yarnpkg.com/@bazel/bazel-linux_x64/-/bazel-linux_x64-1.2.0.tgz#da4f4036c38638d8d49c77c16e21f6f6bae1be06"
  integrity sha512-pEFEu1mkqFcpKBkjlFbMwWj0J+f+e54EmJrOheNCneRi5ArZLBdHtGaxcWr27VMMR99qZM656R8NXXelOmhCqA==

"@bazel/bazel-win32_x64@1.2.0":
  version "1.2.0"
  resolved "https://registry.yarnpkg.com/@bazel/bazel-win32_x64/-/bazel-win32_x64-1.2.0.tgz#1b0cf50fa4ec77e438d0ccf9550ac71a6c285f09"
  integrity sha512-fl/eKtWSW1fJIhyGD99p0c0GFv2L4019YFftmv5UBIu2Thb9wYZKQqLVyDBVe8D+Vz2tW6LpefCb+VcmiweJ8A==

"@bazel/bazel@^1.2.0":
  version "1.2.0"
  resolved "https://registry.yarnpkg.com/@bazel/bazel/-/bazel-1.2.0.tgz#3aa126823c7c880fb09afe1fadfdb457f6b99531"
  integrity sha512-+NDzRxFpYBhdCbTiCMVK9dPXWqIBLMCXH1qq28Edy7xDMoP/J0gWITh8reMBwzDte/qC5ZAq6WjRDX75hWLUog==
  dependencies:
    "@bazel/hide-bazel-files" latest
  optionalDependencies:
    "@bazel/bazel-darwin_x64" "1.2.0"
    "@bazel/bazel-linux_x64" "1.2.0"
    "@bazel/bazel-win32_x64" "1.2.0"

"@bazel/hide-bazel-files@latest":
  version "0.42.1"
  resolved "https://registry.yarnpkg.com/@bazel/hide-bazel-files/-/hide-bazel-files-0.42.1.tgz#974d2b96578d885fec89c9a5912c00e9b7ed7cf8"
  integrity sha512-PidYsso58ThOrBmoUL/3T7F6lvilSrohzwnzxhg1u5YSuPy7GfnUYYkOHsxEfYfPzoJNG0ud0A06E6A8KdqNxQ==

"@bazel/typescript@^0.42.1":
  version "0.42.1"
  resolved "https://registry.yarnpkg.com/@bazel/typescript/-/typescript-0.42.1.tgz#afa4c2e3de7ef60777fd7cd1828d1af57d09afb0"
  integrity sha512-fObLUXlI3E9ZdGjCIGzXX6VkEo3x417PZvpIUBrVI3YONhbMoqAERB2yD4Mp8waoFKKu7ePnKCmoCWEa7PSTtA==
  dependencies:
    protobufjs "6.8.8"
    semver "5.6.0"
    source-map-support "0.5.9"
    tsutils "2.27.2"

"@protobufjs/aspromise@^1.1.1", "@protobufjs/aspromise@^1.1.2":
  version "1.1.2"
  resolved "https://registry.yarnpkg.com/@protobufjs/aspromise/-/aspromise-1.1.2.tgz#9b8b0cc663d669a7d8f6f5d0893a14d348f30fbf"
  integrity sha1-m4sMxmPWaafY9vXQiToU00jzD78=

"@protobufjs/base64@^1.1.2":
  version "1.1.2"
  resolved "https://registry.yarnpkg.com/@protobufjs/base64/-/base64-1.1.2.tgz#4c85730e59b9a1f1f349047dbf24296034bb2735"
  integrity sha512-AZkcAA5vnN/v4PDqKyMR5lx7hZttPDgClv83E//FMNhR2TMcLUhfRUBHCmSl0oi9zMgDDqRUJkSxO3wm85+XLg==

"@protobufjs/codegen@^2.0.4":
  version "2.0.4"
  resolved "https://registry.yarnpkg.com/@protobufjs/codegen/-/codegen-2.0.4.tgz#7ef37f0d010fb028ad1ad59722e506d9262815cb"
  integrity sha512-YyFaikqM5sH0ziFZCN3xDC7zeGaB/d0IUb9CATugHWbd1FRFwWwt4ld4OYMPWu5a3Xe01mGAULCdqhMlPl29Jg==

"@protobufjs/eventemitter@^1.1.0":
  version "1.1.0"
  resolved "https://registry.yarnpkg.com/@protobufjs/eventemitter/-/eventemitter-1.1.0.tgz#355cbc98bafad5978f9ed095f397621f1d066b70"
  integrity sha1-NVy8mLr61ZePntCV85diHx0Ga3A=

"@protobufjs/fetch@^1.1.0":
  version "1.1.0"
  resolved "https://registry.yarnpkg.com/@protobufjs/fetch/-/fetch-1.1.0.tgz#ba99fb598614af65700c1619ff06d454b0d84c45"
  integrity sha1-upn7WYYUr2VwDBYZ/wbUVLDYTEU=
  dependencies:
    "@protobufjs/aspromise" "^1.1.1"
    "@protobufjs/inquire" "^1.1.0"

"@protobufjs/float@^1.0.2":
  version "1.0.2"
  resolved "https://registry.yarnpkg.com/@protobufjs/float/-/float-1.0.2.tgz#5e9e1abdcb73fc0a7cb8b291df78c8cbd97b87d1"
  integrity sha1-Xp4avctz/Ap8uLKR33jIy9l7h9E=

"@protobufjs/inquire@^1.1.0":
  version "1.1.0"
  resolved "https://registry.yarnpkg.com/@protobufjs/inquire/-/inquire-1.1.0.tgz#ff200e3e7cf2429e2dcafc1140828e8cc638f089"
  integrity sha1-/yAOPnzyQp4tyvwRQIKOjMY48Ik=

"@protobufjs/path@^1.1.2":
  version "1.1.2"
  resolved "https://registry.yarnpkg.com/@protobufjs/path/-/path-1.1.2.tgz#6cc2b20c5c9ad6ad0dccfd21ca7673d8d7fbf68d"
  integrity sha1-bMKyDFya1q0NzP0hynZz2Nf79o0=

"@protobufjs/pool@^1.1.0":
  version "1.1.0"
  resolved "https://registry.yarnpkg.com/@protobufjs/pool/-/pool-1.1.0.tgz#09fd15f2d6d3abfa9b65bc366506d6ad7846ff54"
  integrity sha1-Cf0V8tbTq/qbZbw2ZQbWrXhG/1Q=

"@protobufjs/utf8@^1.1.0":
  version "1.1.0"
  resolved "https://registry.yarnpkg.com/@protobufjs/utf8/-/utf8-1.1.0.tgz#a777360b5b39a1a2e5106f8e858f2fd2d060c570"
  integrity sha1-p3c2C1s5oaLlEG+OhY8v0tBgxXA=

"@types/long@^4.0.0":
  version "4.0.0"
  resolved "https://registry.yarnpkg.com/@types/long/-/long-4.0.0.tgz#719551d2352d301ac8b81db732acb6bdc28dbdef"
  integrity sha512-1w52Nyx4Gq47uuu0EVcsHBxZFJgurQ+rTKS3qMHxR1GY2T8c2AJYd6vZoZ9q1rupaDjU0yT+Jc2XTyXkjeMA+Q==

"@types/node@^10.1.0":
  version "10.17.6"
  resolved "https://registry.yarnpkg.com/@types/node/-/node-10.17.6.tgz#1aaabd6f6470a6ac3824ab1e94d731ca1326d93d"
  integrity sha512-0a2X6cgN3RdPBL2MIlR6Lt0KlM7fOFsutuXcdglcOq6WvLnYXgPQSh0Mx6tO1KCAE8MxbHSOSTWDoUxRq+l3DA==

buffer-from@^1.0.0:
  version "1.1.1"
  resolved "https://registry.yarnpkg.com/buffer-from/-/buffer-from-1.1.1.tgz#32713bc028f75c02fdb710d7c7bcec1f2c6070ef"
  integrity sha512-MQcXEUbCKtEo7bhqEs6560Hyd4XaovZlO/k9V3hjVUF/zwW7KBVdSK4gIt/bzwS9MbR5qob+F5jusZsb0YQK2A==

google-protobuf@^3.11.2:
  version "3.11.2"
  resolved "https://registry.yarnpkg.com/google-protobuf/-/google-protobuf-3.11.2.tgz#43272974521a5cec35a21f62730cf517a5a8e38c"
  integrity sha512-T4fin7lcYLUPj2ChUZ4DvfuuHtg3xi1621qeRZt2J7SvOQusOzq+sDT4vbotWTCjUXJoR36CA016LlhtPy80uQ==

long@^4.0.0:
  version "4.0.0"
  resolved "https://registry.yarnpkg.com/long/-/long-4.0.0.tgz#9a7b71cfb7d361a194ea555241c92f7468d5bf28"
  integrity sha512-XsP+KhQif4bjX1kbuSiySJFNAehNxgLb6hPRGJ9QsUr8ajHkuXGdrHmFUTUUXhDwVX2R5bY4JNZEwbUiMhV+MA==

protobufjs@6.8.8:
  version "6.8.8"
  resolved "https://registry.yarnpkg.com/protobufjs/-/protobufjs-6.8.8.tgz#c8b4f1282fd7a90e6f5b109ed11c84af82908e7c"
  integrity sha512-AAmHtD5pXgZfi7GMpllpO3q1Xw1OYldr+dMUlAnffGTAhqkg72WdmSY71uKBF/JuyiKs8psYbtKrhi0ASCD8qw==
  dependencies:
    "@protobufjs/aspromise" "^1.1.2"
    "@protobufjs/base64" "^1.1.2"
    "@protobufjs/codegen" "^2.0.4"
    "@protobufjs/eventemitter" "^1.1.0"
    "@protobufjs/fetch" "^1.1.0"
    "@protobufjs/float" "^1.0.2"
    "@protobufjs/inquire" "^1.1.0"
    "@protobufjs/path" "^1.1.2"
    "@protobufjs/pool" "^1.1.0"
    "@protobufjs/utf8" "^1.1.0"
    "@types/long" "^4.0.0"
    "@types/node" "^10.1.0"
    long "^4.0.0"

semver@5.6.0:
  version "5.6.0"
  resolved "https://registry.yarnpkg.com/semver/-/semver-5.6.0.tgz#7e74256fbaa49c75aa7c7a205cc22799cac80004"
  integrity sha512-RS9R6R35NYgQn++fkDWaOmqGoj4Ek9gGs+DPxNUZKuwE183xjJroKvyo1IzVFeXvUrvmALy6FWD5xrdJT25gMg==

source-map-support@0.5.9:
  version "0.5.9"
  resolved "https://registry.yarnpkg.com/source-map-support/-/source-map-support-0.5.9.tgz#41bc953b2534267ea2d605bccfa7bfa3111ced5f"
  integrity sha512-gR6Rw4MvUlYy83vP0vxoVNzM6t8MUXqNuRsuBmBHQDu1Fh6X015FrLdgoDKcNdkwGubozq0P4N0Q37UyFVr1EA==
  dependencies:
    buffer-from "^1.0.0"
    source-map "^0.6.0"

source-map@^0.6.0:
  version "0.6.1"
  resolved "https://registry.yarnpkg.com/source-map/-/source-map-0.6.1.tgz#74722af32e9614e9c287a8d0bbde48b5e2f1a263"
  integrity sha512-UjgapumWlbMhkBgzT7Ykc5YXUT46F0iKu8SGXq0bcwP5dz/h0Plj6enJqjz1Zbq2l5WaqYnrVbwWOWMyF3F47g==

tslib@^1.8.1:
  version "1.10.0"
  resolved "https://registry.yarnpkg.com/tslib/-/tslib-1.10.0.tgz#c3c19f95973fb0a62973fb09d90d961ee43e5c8a"
  integrity sha512-qOebF53frne81cf0S9B41ByenJ3/IuH8yJKngAX35CmiZySA0khhkovshKK+jGCaMnVomla7gVlIcc3EvKPbTQ==

tsutils@2.27.2:
  version "2.27.2"
  resolved "https://registry.yarnpkg.com/tsutils/-/tsutils-2.27.2.tgz#60ba88a23d6f785ec4b89c6e8179cac9b431f1c7"
  integrity sha512-qf6rmT84TFMuxAKez2pIfR8UCai49iQsfB7YWVjV1bKpy/d0PWT5rEOSM6La9PiHZ0k1RRZQiwVdVJfQ3BPHgg==
  dependencies:
    tslib "^1.8.1"

typescript@^3.7.2:
  version "3.7.2"
  resolved "https://registry.yarnpkg.com/typescript/-/typescript-3.7.2.tgz#27e489b95fa5909445e9fef5ee48d81697ad18fb"
  integrity sha512-ml7V7JfiN2Xwvcer+XAf2csGO1bPBdRbFCkYBczNZggrBZ9c7G3riSUeJmqEU5uOtXNPMhE3n+R4FA/3YOAWOQ==
